
Microsoft Visual Studio Solution File, Format Version 12.00
# Visual Studio Version 17
VisualStudioVersion = 17.0.31919.166
MinimumVisualStudioVersion = 10.0.40219.1
Project("{FAE04EC0-301F-11D3-BF4B-00C04F79EFBC}") = "App2.Android", "App2\App2.Android\App2.Android.csproj", "{8DDE563C-63EC-4A3B-865D-834C69227AB6}"
EndProject
Project("{FAE04EC0-301F-11D3-BF4B-00C04F79EFBC}") = "App2.iOS", "App2\App2.iOS\App2.iOS.csproj", "{B872598B-3628-45EC-8374-FBC205BF2D2D}"
EndProject
Project("{FAE04EC0-301F-11D3-BF4B-00C04F79EFBC}") = "App2", "App2\App2\App2.csproj", "{4668BBAB-37D4-4F69-B447-7411E848B70A}"
EndProject
Global
	GlobalSection(SolutionConfigurationPlatforms) = preSolution
		Debug|Any CPU = Debug|Any CPU
		Debug|iPhone = Debug|iPhone
		Debug|iPhoneSimulator = Debug|iPhoneSimulator
		Release|Any CPU = Release|Any CPU
		Release|iPhone = Release|iPhone
		Release|iPhoneSimulator = Release|iPhoneSimulator
	EndGlobalSection
	GlobalSection(ProjectConfigurationPlatforms) = postSolution
		{8DDE563C-63EC-4A3B-865D-834C69227AB6}.Debug|Any CPU.ActiveCfg = Debug|Any CPU
		{8DDE563C-63EC-4A3B-865D-834C69227AB6}.Debug|Any CPU.Build.0 = Debug|Any CPU
		{8DDE563C-63EC-4A3B-865D-834C69227AB6}.Debug|Any CPU.Deploy.0 = Debug|Any CPU
		{8DDE563C-63EC-4A3B-865D-834C69227AB6}.Debug|iPhone.ActiveCfg = Debug|Any CPU
		{8DDE563C-63EC-4A3B-865D-834C69227AB6}.Debug|iPhone.Build.0 = Debug|Any CPU
		{8DDE563C-63EC-4A3B-865D-834C69227AB6}.Debug|iPhone.Deploy.0 = Debug|Any CPU
		{8DDE563C-63EC-4A3B-865D-834C69227AB6}.Debug|iPhoneSimulator.ActiveCfg = Debug|Any CPU
		{8DDE563C-63EC-4A3B-865D-834C69227AB6}.Debug|iPhoneSimulator.Build.0 = Debug|Any CPU
		{8DDE563C-63EC-4A3B-865D-834C69227AB6}.Debug|iPhoneSimulator.Deploy.0 = Debug|Any CPU
		{8DDE563C-63EC-4A3B-865D-834C69227AB6}.Release|Any CPU.ActiveCfg = Release|Any CPU
		{8DDE563C-63EC-4A3B-865D-834C69227AB6}.Release|Any CPU.Build.0 = Release|Any CPU
		{8DDE563C-63EC-4A3B-865D-834C69227AB6}.Release|Any CPU.Deploy.0 = Release|Any CPU
		{8DDE563C-63EC-4A3B-865D-834C69227AB6}.Release|iPhone.ActiveCfg = Release|Any CPU
		{8DDE563C-63EC-4A3B-865D-834C69227AB6}.Release|iPhone.Build.0 = Release|Any CPU
		{8DDE563C-63EC-4A3B-865D-834C69227AB6}.Release|iPhone.Deploy.0 = Release|Any CPU
		{8DDE563C-63EC-4A3B-865D-834C69227AB6}.Release|iPhoneSimulator.ActiveCfg = Release|Any CPU
		{8DDE563C-63EC-4A3B-865D-834C69227AB6}.Release|iPhoneSimulator.Build.0 = Release|Any CPU
		{8DDE563C-63EC-4A3B-865D-834C69227AB6}.Release|iPhoneSimulator.Deploy.0 = Release|Any CPU
		{B872598B-3628-45EC-8374-FBC205BF2D2D}.Debug|Any CPU.ActiveCfg = Debug|iPhone
		{B872598B-3628-45EC-8374-FBC205BF2D2D}.Debug|Any CPU.Build.0 = Debug|iPhone
		{B872598B-3628-45EC-8374-FBC205BF2D2D}.Debug|Any CPU.Deploy.0 = Debug|iPhone
		{B872598B-3628-45EC-8374-FBC205BF2D2D}.Debug|iPhone.ActiveCfg = Debug|iPhone
		{B872598B-3628-45EC-8374-FBC205BF2D2D}.Debug|iPhone.Build.0 = Debug|iPhone
		{B872598B-3628-45EC-8374-FBC205BF2D2D}.Debug|iPhone.Deploy.0 = Debug|iPhone
		{B872598B-3628-45EC-8374-FBC205BF2D2D}.Debug|iPhoneSimulator.ActiveCfg = Debug|iPhoneSimulator
		{B872598B-3628-45EC-8374-FBC205BF2D2D}.Debug|iPhoneSimulator.Build.0 = Debug|iPhoneSimulator
		{B872598B-3628-45EC-8374-FBC205BF2D2D}.Debug|iPhoneSimulator.Deploy.0 = Debug|iPhoneSimulator
		{B872598B-3628-45EC-8374-FBC205BF2D2D}.Release|Any CPU.ActiveCfg = Release|iPhoneSimulator
		{B872598B-3628-45EC-8374-FBC205BF2D2D}.Release|Any CPU.Build.0 = Release|iPhoneSimulator
		{B872598B-3628-45EC-8374-FBC205BF2D2D}.Release|Any CPU.Deploy.0 = Release|iPhoneSimulator
		{B872598B-3628-45EC-8374-FBC205BF2D2D}.Release|iPhone.ActiveCfg = Release|iPhone
		{B872598B-3628-45EC-8374-FBC205BF2D2D}.Release|iPhone.Build.0 = Release|iPhone
		{B872598B-3628-45EC-8374-FBC205BF2D2D}.Release|iPhone.Deploy.0 = Release|iPhone
		{B872598B-3628-45EC-8374-FBC205BF2D2D}.Release|iPhoneSimulator.ActiveCfg = Release|iPhoneSimulator
		{B872598B-3628-45EC-8374-FBC205BF2D2D}.Release|iPhoneSimulator.Build.0 = Release|iPhoneSimulator
		{B872598B-3628-45EC-8374-FBC205BF2D2D}.Release|iPhoneSimulator.Deploy.0 = Release|iPhoneSimulator
		{4668BBAB-37D4-4F69-B447-7411E848B70A}.Debug|Any CPU.ActiveCfg = Debug|Any CPU
		{4668BBAB-37D4-4F69-B447-7411E848B70A}.Debug|Any CPU.Build.0 = Debug|Any CPU
		{4668BBAB-37D4-4F69-B447-7411E848B70A}.Debug|Any CPU.Deploy.0 = Debug|Any CPU
		{4668BBAB-37D4-4F69-B447-7411E848B70A}.Debug|iPhone.ActiveCfg = Debug|Any CPU
		{4668BBAB-37D4-4F69-B447-7411E848B70A}.Debug|iPhone.Build.0 = Debug|Any CPU
		{4668BBAB-37D4-4F69-B447-7411E848B70A}.Debug|iPhone.Deploy.0 = Debug|Any CPU
		{4668BBAB-37D4-4F69-B447-7411E848B70A}.Debug|iPhoneSimulator.ActiveCfg = Debug|Any CPU
		{4668BBAB-37D4-4F69-B447-7411E848B70A}.Debug|iPhoneSimulator.Build.0 = Debug|Any CPU
		{4668BBAB-37D4-4F69-B447-7411E848B70A}.Debug|iPhoneSimulator.Deploy.0 = Debug|Any CPU
		{4668BBAB-37D4-4F69-B447-7411E848B70A}.Release|Any CPU.ActiveCfg = Release|Any CPU
		{4668BBAB-37D4-4F69-B447-7411E848B70A}.Release|Any CPU.Build.0 = Release|Any CPU
		{4668BBAB-37D4-4F69-B447-7411E848B70A}.Release|Any CPU.Deploy.0 = Release|Any CPU
		{4668BBAB-37D4-4F69-B447-7411E848B70A}.Release|iPhone.ActiveCfg = Release|Any CPU
		{4668BBAB-37D4-4F69-B447-7411E848B70A}.Release|iPhone.Build.0 = Release|Any CPU
		{4668BBAB-37D4-4F69-B447-7411E848B70A}.Release|iPhone.Deploy.0 = Release|Any CPU
		{4668BBAB-37D4-4F69-B447-7411E848B70A}.Release|iPhoneSimulator.ActiveCfg = Release|Any CPU
		{4668BBAB-37D4-4F69-B447-7411E848B70A}.Release|iPhoneSimulator.Build.0 = Release|Any CPU
		{4668BBAB-37D4-4F69-B447-7411E848B70A}.Release|iPhoneSimulator.Deploy.0 = Release|Any CPU
	EndGlobalSection
	GlobalSection(SolutionProperties) = preSolution
		HideSolutionNode = FALSE
	EndGlobalSection
	GlobalSection(ExtensibilityGlobals) = postSolution
		SolutionGuid = {6D0A9E04-1D59-4D9C-B449-A3D16F6DA7D4}
	EndGlobalSection
EndGlobal
