
Microsoft Visual Studio Solution File, Format Version 12.00
# Visual Studio Version 17
VisualStudioVersion = 17.0.32014.148
MinimumVisualStudioVersion = 10.0.40219.1
Project("{FAE04EC0-301F-11D3-BF4B-00C04F79EFBC}") = "LoginSystem.Android", "LoginSystem\LoginSystem.Android\LoginSystem.Android.csproj", "{382481C7-A8D3-478C-B253-9A52AA4A8C7F}"
EndProject
Project("{FAE04EC0-301F-11D3-BF4B-00C04F79EFBC}") = "LoginSystem.iOS", "LoginSystem\LoginSystem.iOS\LoginSystem.iOS.csproj", "{85D2F946-FE67-44B8-A221-AB0BB2A44625}"
EndProject
Project("{FAE04EC0-301F-11D3-BF4B-00C04F79EFBC}") = "LoginSystem", "LoginSystem\LoginSystem\LoginSystem.csproj", "{C71244ED-A045-451E-832A-4355051363C6}"
EndProject
Global
	GlobalSection(SolutionConfigurationPlatforms) = preSolution
		Debug|Any CPU = Debug|Any CPU
		Debug|iPhone = Debug|iPhone
		Debug|iPhoneSimulator = Debug|iPhoneSimulator
		Release|Any CPU = Release|Any CPU
		Release|iPhone = Release|iPhone
		Release|iPhoneSimulator = Release|iPhoneSimulator
	EndGlobalSection
	GlobalSection(ProjectConfigurationPlatforms) = postSolution
		{382481C7-A8D3-478C-B253-9A52AA4A8C7F}.Debug|Any CPU.ActiveCfg = Debug|Any CPU
		{382481C7-A8D3-478C-B253-9A52AA4A8C7F}.Debug|Any CPU.Build.0 = Debug|Any CPU
		{382481C7-A8D3-478C-B253-9A52AA4A8C7F}.Debug|Any CPU.Deploy.0 = Debug|Any CPU
		{382481C7-A8D3-478C-B253-9A52AA4A8C7F}.Debug|iPhone.ActiveCfg = Debug|Any CPU
		{382481C7-A8D3-478C-B253-9A52AA4A8C7F}.Debug|iPhone.Build.0 = Debug|Any CPU
		{382481C7-A8D3-478C-B253-9A52AA4A8C7F}.Debug|iPhone.Deploy.0 = Debug|Any CPU
		{382481C7-A8D3-478C-B253-9A52AA4A8C7F}.Debug|iPhoneSimulator.ActiveCfg = Debug|Any CPU
		{382481C7-A8D3-478C-B253-9A52AA4A8C7F}.Debug|iPhoneSimulator.Build.0 = Debug|Any CPU
		{382481C7-A8D3-478C-B253-9A52AA4A8C7F}.Debug|iPhoneSimulator.Deploy.0 = Debug|Any CPU
		{382481C7-A8D3-478C-B253-9A52AA4A8C7F}.Release|Any CPU.ActiveCfg = Release|Any CPU
		{382481C7-A8D3-478C-B253-9A52AA4A8C7F}.Release|Any CPU.Build.0 = Release|Any CPU
		{382481C7-A8D3-478C-B253-9A52AA4A8C7F}.Release|Any CPU.Deploy.0 = Release|Any CPU
		{382481C7-A8D3-478C-B253-9A52AA4A8C7F}.Release|iPhone.ActiveCfg = Release|Any CPU
		{382481C7-A8D3-478C-B253-9A52AA4A8C7F}.Release|iPhone.Build.0 = Release|Any CPU
		{382481C7-A8D3-478C-B253-9A52AA4A8C7F}.Release|iPhone.Deploy.0 = Release|Any CPU
		{382481C7-A8D3-478C-B253-9A52AA4A8C7F}.Release|iPhoneSimulator.ActiveCfg = Release|Any CPU
		{382481C7-A8D3-478C-B253-9A52AA4A8C7F}.Release|iPhoneSimulator.Build.0 = Release|Any CPU
		{382481C7-A8D3-478C-B253-9A52AA4A8C7F}.Release|iPhoneSimulator.Deploy.0 = Release|Any CPU
		{85D2F946-FE67-44B8-A221-AB0BB2A44625}.Debug|Any CPU.ActiveCfg = Debug|iPhone
		{85D2F946-FE67-44B8-A221-AB0BB2A44625}.Debug|Any CPU.Build.0 = Debug|iPhone
		{85D2F946-FE67-44B8-A221-AB0BB2A44625}.Debug|Any CPU.Deploy.0 = Debug|iPhone
		{85D2F946-FE67-44B8-A221-AB0BB2A44625}.Debug|iPhone.ActiveCfg = Debug|iPhone
		{85D2F946-FE67-44B8-A221-AB0BB2A44625}.Debug|iPhone.Build.0 = Debug|iPhone
		{85D2F946-FE67-44B8-A221-AB0BB2A44625}.Debug|iPhone.Deploy.0 = Debug|iPhone
		{85D2F946-FE67-44B8-A221-AB0BB2A44625}.Debug|iPhoneSimulator.ActiveCfg = Debug|iPhoneSimulator
		{85D2F946-FE67-44B8-A221-AB0BB2A44625}.Debug|iPhoneSimulator.Build.0 = Debug|iPhoneSimulator
		{85D2F946-FE67-44B8-A221-AB0BB2A44625}.Debug|iPhoneSimulator.Deploy.0 = Debug|iPhoneSimulator
		{85D2F946-FE67-44B8-A221-AB0BB2A44625}.Release|Any CPU.ActiveCfg = Release|iPhoneSimulator
		{85D2F946-FE67-44B8-A221-AB0BB2A44625}.Release|Any CPU.Build.0 = Release|iPhoneSimulator
		{85D2F946-FE67-44B8-A221-AB0BB2A44625}.Release|Any CPU.Deploy.0 = Release|iPhoneSimulator
		{85D2F946-FE67-44B8-A221-AB0BB2A44625}.Release|iPhone.ActiveCfg = Release|iPhone
		{85D2F946-FE67-44B8-A221-AB0BB2A44625}.Release|iPhone.Build.0 = Release|iPhone
		{85D2F946-FE67-44B8-A221-AB0BB2A44625}.Release|iPhone.Deploy.0 = Release|iPhone
		{85D2F946-FE67-44B8-A221-AB0BB2A44625}.Release|iPhoneSimulator.ActiveCfg = Release|iPhoneSimulator
		{85D2F946-FE67-44B8-A221-AB0BB2A44625}.Release|iPhoneSimulator.Build.0 = Release|iPhoneSimulator
		{85D2F946-FE67-44B8-A221-AB0BB2A44625}.Release|iPhoneSimulator.Deploy.0 = Release|iPhoneSimulator
		{C71244ED-A045-451E-832A-4355051363C6}.Debug|Any CPU.ActiveCfg = Debug|Any CPU
		{C71244ED-A045-451E-832A-4355051363C6}.Debug|Any CPU.Build.0 = Debug|Any CPU
		{C71244ED-A045-451E-832A-4355051363C6}.Debug|Any CPU.Deploy.0 = Debug|Any CPU
		{C71244ED-A045-451E-832A-4355051363C6}.Debug|iPhone.ActiveCfg = Debug|Any CPU
		{C71244ED-A045-451E-832A-4355051363C6}.Debug|iPhone.Build.0 = Debug|Any CPU
		{C71244ED-A045-451E-832A-4355051363C6}.Debug|iPhone.Deploy.0 = Debug|Any CPU
		{C71244ED-A045-451E-832A-4355051363C6}.Debug|iPhoneSimulator.ActiveCfg = Debug|Any CPU
		{C71244ED-A045-451E-832A-4355051363C6}.Debug|iPhoneSimulator.Build.0 = Debug|Any CPU
		{C71244ED-A045-451E-832A-4355051363C6}.Debug|iPhoneSimulator.Deploy.0 = Debug|Any CPU
		{C71244ED-A045-451E-832A-4355051363C6}.Release|Any CPU.ActiveCfg = Release|Any CPU
		{C71244ED-A045-451E-832A-4355051363C6}.Release|Any CPU.Build.0 = Release|Any CPU
		{C71244ED-A045-451E-832A-4355051363C6}.Release|Any CPU.Deploy.0 = Release|Any CPU
		{C71244ED-A045-451E-832A-4355051363C6}.Release|iPhone.ActiveCfg = Release|Any CPU
		{C71244ED-A045-451E-832A-4355051363C6}.Release|iPhone.Build.0 = Release|Any CPU
		{C71244ED-A045-451E-832A-4355051363C6}.Release|iPhone.Deploy.0 = Release|Any CPU
		{C71244ED-A045-451E-832A-4355051363C6}.Release|iPhoneSimulator.ActiveCfg = Release|Any CPU
		{C71244ED-A045-451E-832A-4355051363C6}.Release|iPhoneSimulator.Build.0 = Release|Any CPU
		{C71244ED-A045-451E-832A-4355051363C6}.Release|iPhoneSimulator.Deploy.0 = Release|Any CPU
	EndGlobalSection
	GlobalSection(SolutionProperties) = preSolution
		HideSolutionNode = FALSE
	EndGlobalSection
	GlobalSection(ExtensibilityGlobals) = postSolution
		SolutionGuid = {D98F8550-F6E9-457D-B33D-1BFE221E9009}
	EndGlobalSection
EndGlobal
