
Microsoft Visual Studio Solution File, Format Version 12.00
# Visual Studio Version 17
VisualStudioVersion = 17.0.32014.148
MinimumVisualStudioVersion = 10.0.40219.1
Project("{FAE04EC0-301F-11D3-BF4B-00C04F79EFBC}") = "demo.Android", "demo\demo.Android\demo.Android.csproj", "{732BF300-567A-4B90-8741-7D256DE086B2}"
EndProject
Project("{FAE04EC0-301F-11D3-BF4B-00C04F79EFBC}") = "demo.iOS", "demo\demo.iOS\demo.iOS.csproj", "{9778E74F-3610-42AC-BAAE-BC92B20EC4E1}"
EndProject
Project("{FAE04EC0-301F-11D3-BF4B-00C04F79EFBC}") = "demo", "demo\demo\demo.csproj", "{828A6F2F-ACB8-41BA-AC88-870F34D6EAEE}"
EndProject
Global
	GlobalSection(SolutionConfigurationPlatforms) = preSolution
		Debug|Any CPU = Debug|Any CPU
		Debug|iPhone = Debug|iPhone
		Debug|iPhoneSimulator = Debug|iPhoneSimulator
		Release|Any CPU = Release|Any CPU
		Release|iPhone = Release|iPhone
		Release|iPhoneSimulator = Release|iPhoneSimulator
	EndGlobalSection
	GlobalSection(ProjectConfigurationPlatforms) = postSolution
		{732BF300-567A-4B90-8741-7D256DE086B2}.Debug|Any CPU.ActiveCfg = Debug|Any CPU
		{732BF300-567A-4B90-8741-7D256DE086B2}.Debug|Any CPU.Build.0 = Debug|Any CPU
		{732BF300-567A-4B90-8741-7D256DE086B2}.Debug|Any CPU.Deploy.0 = Debug|Any CPU
		{732BF300-567A-4B90-8741-7D256DE086B2}.Debug|iPhone.ActiveCfg = Debug|Any CPU
		{732BF300-567A-4B90-8741-7D256DE086B2}.Debug|iPhone.Build.0 = Debug|Any CPU
		{732BF300-567A-4B90-8741-7D256DE086B2}.Debug|iPhone.Deploy.0 = Debug|Any CPU
		{732BF300-567A-4B90-8741-7D256DE086B2}.Debug|iPhoneSimulator.ActiveCfg = Debug|Any CPU
		{732BF300-567A-4B90-8741-7D256DE086B2}.Debug|iPhoneSimulator.Build.0 = Debug|Any CPU
		{732BF300-567A-4B90-8741-7D256DE086B2}.Debug|iPhoneSimulator.Deploy.0 = Debug|Any CPU
		{732BF300-567A-4B90-8741-7D256DE086B2}.Release|Any CPU.ActiveCfg = Release|Any CPU
		{732BF300-567A-4B90-8741-7D256DE086B2}.Release|Any CPU.Build.0 = Release|Any CPU
		{732BF300-567A-4B90-8741-7D256DE086B2}.Release|Any CPU.Deploy.0 = Release|Any CPU
		{732BF300-567A-4B90-8741-7D256DE086B2}.Release|iPhone.ActiveCfg = Release|Any CPU
		{732BF300-567A-4B90-8741-7D256DE086B2}.Release|iPhone.Build.0 = Release|Any CPU
		{732BF300-567A-4B90-8741-7D256DE086B2}.Release|iPhone.Deploy.0 = Release|Any CPU
		{732BF300-567A-4B90-8741-7D256DE086B2}.Release|iPhoneSimulator.ActiveCfg = Release|Any CPU
		{732BF300-567A-4B90-8741-7D256DE086B2}.Release|iPhoneSimulator.Build.0 = Release|Any CPU
		{732BF300-567A-4B90-8741-7D256DE086B2}.Release|iPhoneSimulator.Deploy.0 = Release|Any CPU
		{9778E74F-3610-42AC-BAAE-BC92B20EC4E1}.Debug|Any CPU.ActiveCfg = Debug|iPhone
		{9778E74F-3610-42AC-BAAE-BC92B20EC4E1}.Debug|Any CPU.Build.0 = Debug|iPhone
		{9778E74F-3610-42AC-BAAE-BC92B20EC4E1}.Debug|Any CPU.Deploy.0 = Debug|iPhone
		{9778E74F-3610-42AC-BAAE-BC92B20EC4E1}.Debug|iPhone.ActiveCfg = Debug|iPhone
		{9778E74F-3610-42AC-BAAE-BC92B20EC4E1}.Debug|iPhone.Build.0 = Debug|iPhone
		{9778E74F-3610-42AC-BAAE-BC92B20EC4E1}.Debug|iPhone.Deploy.0 = Debug|iPhone
		{9778E74F-3610-42AC-BAAE-BC92B20EC4E1}.Debug|iPhoneSimulator.ActiveCfg = Debug|iPhoneSimulator
		{9778E74F-3610-42AC-BAAE-BC92B20EC4E1}.Debug|iPhoneSimulator.Build.0 = Debug|iPhoneSimulator
		{9778E74F-3610-42AC-BAAE-BC92B20EC4E1}.Debug|iPhoneSimulator.Deploy.0 = Debug|iPhoneSimulator
		{9778E74F-3610-42AC-BAAE-BC92B20EC4E1}.Release|Any CPU.ActiveCfg = Release|iPhoneSimulator
		{9778E74F-3610-42AC-BAAE-BC92B20EC4E1}.Release|Any CPU.Build.0 = Release|iPhoneSimulator
		{9778E74F-3610-42AC-BAAE-BC92B20EC4E1}.Release|Any CPU.Deploy.0 = Release|iPhoneSimulator
		{9778E74F-3610-42AC-BAAE-BC92B20EC4E1}.Release|iPhone.ActiveCfg = Release|iPhone
		{9778E74F-3610-42AC-BAAE-BC92B20EC4E1}.Release|iPhone.Build.0 = Release|iPhone
		{9778E74F-3610-42AC-BAAE-BC92B20EC4E1}.Release|iPhone.Deploy.0 = Release|iPhone
		{9778E74F-3610-42AC-BAAE-BC92B20EC4E1}.Release|iPhoneSimulator.ActiveCfg = Release|iPhoneSimulator
		{9778E74F-3610-42AC-BAAE-BC92B20EC4E1}.Release|iPhoneSimulator.Build.0 = Release|iPhoneSimulator
		{9778E74F-3610-42AC-BAAE-BC92B20EC4E1}.Release|iPhoneSimulator.Deploy.0 = Release|iPhoneSimulator
		{828A6F2F-ACB8-41BA-AC88-870F34D6EAEE}.Debug|Any CPU.ActiveCfg = Debug|Any CPU
		{828A6F2F-ACB8-41BA-AC88-870F34D6EAEE}.Debug|Any CPU.Build.0 = Debug|Any CPU
		{828A6F2F-ACB8-41BA-AC88-870F34D6EAEE}.Debug|Any CPU.Deploy.0 = Debug|Any CPU
		{828A6F2F-ACB8-41BA-AC88-870F34D6EAEE}.Debug|iPhone.ActiveCfg = Debug|Any CPU
		{828A6F2F-ACB8-41BA-AC88-870F34D6EAEE}.Debug|iPhone.Build.0 = Debug|Any CPU
		{828A6F2F-ACB8-41BA-AC88-870F34D6EAEE}.Debug|iPhone.Deploy.0 = Debug|Any CPU
		{828A6F2F-ACB8-41BA-AC88-870F34D6EAEE}.Debug|iPhoneSimulator.ActiveCfg = Debug|Any CPU
		{828A6F2F-ACB8-41BA-AC88-870F34D6EAEE}.Debug|iPhoneSimulator.Build.0 = Debug|Any CPU
		{828A6F2F-ACB8-41BA-AC88-870F34D6EAEE}.Debug|iPhoneSimulator.Deploy.0 = Debug|Any CPU
		{828A6F2F-ACB8-41BA-AC88-870F34D6EAEE}.Release|Any CPU.ActiveCfg = Release|Any CPU
		{828A6F2F-ACB8-41BA-AC88-870F34D6EAEE}.Release|Any CPU.Build.0 = Release|Any CPU
		{828A6F2F-ACB8-41BA-AC88-870F34D6EAEE}.Release|Any CPU.Deploy.0 = Release|Any CPU
		{828A6F2F-ACB8-41BA-AC88-870F34D6EAEE}.Release|iPhone.ActiveCfg = Release|Any CPU
		{828A6F2F-ACB8-41BA-AC88-870F34D6EAEE}.Release|iPhone.Build.0 = Release|Any CPU
		{828A6F2F-ACB8-41BA-AC88-870F34D6EAEE}.Release|iPhone.Deploy.0 = Release|Any CPU
		{828A6F2F-ACB8-41BA-AC88-870F34D6EAEE}.Release|iPhoneSimulator.ActiveCfg = Release|Any CPU
		{828A6F2F-ACB8-41BA-AC88-870F34D6EAEE}.Release|iPhoneSimulator.Build.0 = Release|Any CPU
		{828A6F2F-ACB8-41BA-AC88-870F34D6EAEE}.Release|iPhoneSimulator.Deploy.0 = Release|Any CPU
	EndGlobalSection
	GlobalSection(SolutionProperties) = preSolution
		HideSolutionNode = FALSE
	EndGlobalSection
	GlobalSection(ExtensibilityGlobals) = postSolution
		SolutionGuid = {8B7F8B8E-1B1D-409E-80E9-AFFCDF0E85AC}
	EndGlobalSection
EndGlobal
